lockfileVersion: 5.4

specifiers:
  '@date-io/date-fns': 2.17.0
  '@date-io/moment': 2.17.0
  commander: 2.20.3
  lodash: 4.17.20

dependencies:
  '@date-io/date-fns': 2.17.0
  '@date-io/moment': 2.17.0
  commander: 2.20.3
  lodash: 4.17.20

packages:

  /@date-io/core/2.17.0:
    resolution: {integrity: sha512-+EQE8xZhRM/hsY0CDTVyayMDDY5ihc4MqXCrPxooKw19yAzUIC6uUqsZeaOFNL9YKTNxYKrJP5DFgE8o5xRCOw==}
    dev: false

  /@date-io/date-fns/2.17.0:
    resolution: {integrity: sha512-L0hWZ/mTpy3Gx/xXJ5tq5CzHo0L7ry6KEO9/w/JWiFWFLZgiNVo3ex92gOl3zmzjHqY/3Ev+5sehAr8UnGLEng==}
    peerDependencies:
      date-fns: ^2.0.0
    peerDependenciesMeta:
      date-fns:
        optional: true
    dependencies:
      '@date-io/core': 2.17.0
    dev: false

  /@date-io/moment/2.17.0:
    resolution: {integrity: sha512-e4nb4CDZU4k0WRVhz1Wvl7d+hFsedObSauDHKtZwU9kt7gdYEAzKgnrSCTHsEaXrDumdrkCYTeZ0Tmyk7uV4tw==}
    peerDependencies:
      moment: ^2.24.0
    peerDependenciesMeta:
      moment:
        optional: true
    dependencies:
      '@date-io/core': 2.17.0
    dev: false

  /commander/2.20.3:
    resolution: {integrity: sha512-GpVkmM8vF2vQUkj2LvZmD35JxeJOLCwJ9cUkugyk2nuhbv3+mJvpLYYt+0+USMxE+oj+ey/lJEnhZw75x/OMcQ==}
    dev: false

  /lodash/4.17.20:
    resolution: {integrity: sha512-PlhdFcillOINfeV7Ni6oF1TAEayyZBoZ8bcshTHqOYJYlrqzRK5hagpagky5o4HfCzzd1TRkXPMFq6cKk9rGmA==}
    dev: false
